
Microsoft Visual Studio Solution File, Format Version 12.00
# Visual Studio 15
VisualStudioVersion = 15.0.26228.9
MinimumVisualStudioVersion = 10.0.40219.1
Project("{FAE04EC0-301F-11D3-BF4B-00C04F79EFBC}") = "EnviaEmail", "EmailHandler\EnviaEmail.csproj", "{A7573BEB-B7AF-4E81-86C6-B8FD35F3268B}"
EndProject
Project("{FAE04EC0-301F-11D3-BF4B-00C04F79EFBC}") = "EmailTeste", "EmailTestApp\EmailTeste.csproj", "{5130D2CC-2827-4274-9F6D-26B30205A23E}"
EndProject
Global
	GlobalSection(SolutionConfigurationPlatforms) = preSolution
		Debug|Any CPU = Debug|Any CPU
		Release|Any CPU = Release|Any CPU
	EndGlobalSection
	GlobalSection(ProjectConfigurationPlatforms) = postSolution
		{A7573BEB-B7AF-4E81-86C6-B8FD35F3268B}.Debug|Any CPU.ActiveCfg = Debug|Any CPU
		{A7573BEB-B7AF-4E81-86C6-B8FD35F3268B}.Debug|Any CPU.Build.0 = Debug|Any CPU
		{A7573BEB-B7AF-4E81-86C6-B8FD35F3268B}.Release|Any CPU.ActiveCfg = Release|Any CPU
		{A7573BEB-B7AF-4E81-86C6-B8FD35F3268B}.Release|Any CPU.Build.0 = Release|Any CPU
		{5130D2CC-2827-4274-9F6D-26B30205A23E}.Debug|Any CPU.ActiveCfg = Debug|Any CPU
		{5130D2CC-2827-4274-9F6D-26B30205A23E}.Debug|Any CPU.Build.0 = Debug|Any CPU
		{5130D2CC-2827-4274-9F6D-26B30205A23E}.Release|Any CPU.ActiveCfg = Release|Any CPU
		{5130D2CC-2827-4274-9F6D-26B30205A23E}.Release|Any CPU.Build.0 = Release|Any CPU
	EndGlobalSection
	GlobalSection(SolutionProperties) = preSolution
		HideSolutionNode = FALSE
	EndGlobalSection
	GlobalSection(ExtensibilityGlobals) = postSolution
		SolutionGuid = {F7EB6C40-8943-41ED-B666-1A2C18D6F7F4}
	EndGlobalSection
EndGlobal
